{
  "version": 4,
  "terraform_version": "0.12.1",
  "serial": 1,
  "lineage": "617c94fb-f422-8f6c-5c7e-aa555504255b",
  "outputs": {},
  "resources": [
    {
      "module": "module.postgres",
      "mode": "managed",
      "type": "aws_db_instance",
      "name": "gfg-pgdb-1",
      "provider": "provider.aws",
      "instances": [
        {
          "schema_version": 0,
          "attributes": {
            "address": "gfg-pgdb-1.cbbpb4lmlnbf.us-west-2.rds.amazonaws.com",
            "allocated_storage": 8,
            "allow_major_version_upgrade": null,
            "apply_immediately": null,
            "arn": "arn:aws:rds:us-west-2:733790669362:db:gfg-pgdb-1",
            "auto_minor_version_upgrade": true,
            "availability_zone": "us-west-2b",
            "backup_retention_period": 0,
            "backup_window": "11:10-11:40",
            "ca_cert_identifier": "rds-ca-2015",
            "character_set_name": null,
            "copy_tags_to_snapshot": false,
            "db_subnet_group_name": "gfg-db-subnet-group",
            "deletion_protection": false,
            "domain": "",
            "domain_iam_role_name": "",
            "enabled_cloudwatch_logs_exports": null,
            "endpoint": "gfg-pgdb-1.cbbpb4lmlnbf.us-west-2.rds.amazonaws.com:5432",
            "engine": "postgres",
            "engine_version": "11.2",
            "final_snapshot_identifier": null,
            "hosted_zone_id": "Z1PVIF0B656C1W",
            "iam_database_authentication_enabled": false,
            "id": "gfg-pgdb-1",
            "identifier": "gfg-pgdb-1",
            "identifier_prefix": null,
            "instance_class": "db.t2.micro",
            "iops": 0,
            "kms_key_id": "",
            "license_model": "postgresql-license",
            "maintenance_window": "wed:09:13-wed:09:43",
            "monitoring_interval": 0,
            "monitoring_role_arn": null,
            "multi_az": false,
            "name": "gfgdb",
            "option_group_name": "default:postgres-11",
            "parameter_group_name": "default.postgres11",
            "password": "gfguser123",
            "performance_insights_enabled": false,
            "performance_insights_kms_key_id": "",
            "performance_insights_retention_period": 0,
            "port": 5432,
            "publicly_accessible": true,
            "replicas": [],
            "replicate_source_db": "",
            "resource_id": "db-QDQQUM7WKQOSR5VQ3LA4FSURNI",
            "s3_import": [],
            "security_group_names": null,
            "skip_final_snapshot": true,
            "snapshot_identifier": null,
            "status": "available",
            "storage_encrypted": false,
            "storage_type": "gp2",
            "tags": null,
            "timeouts": null,
            "timezone": "",
            "username": "gfguser",
            "vpc_security_group_ids": [
              "sg-02d347b7c74090ff9"
            ]
          }
        }
      ]
    }
  ]
}
